DEPENDENCIES
  fail2ban (~> 2.2.0)
  openssh (~> 1.3.4)
  secure
    path: .
    metadata: true

GRAPH
  fail2ban (2.2.0)
    yum (~> 3.0)
    yum-epel (>= 0.0.0)
  iptables (0.14.0)
  openssh (1.3.4)
    iptables (>= 0.0.0)
  secure (0.1.0)
    fail2ban (>= 0.0.0)
    openssh (>= 0.0.0)
  yum (3.3.2)
  yum-epel (0.5.1)
    yum (~> 3.0)
